
Microsoft Visual Studio Solution File, Format Version 12.00
# Visual Studio Version 17
VisualStudioVersion = 17.8.34408.163
MinimumVisualStudioVersion = 10.0.40219.1
Project("{FAE04EC0-301F-11D3-BF4B-00C04F79EFBC}") = "WhiteLagoon.Web", "WhiteLagoon.Web\WhiteLagoon.Web.csproj", "{9F230966-829C-42F7-AA4A-880073ECF0B3}"
EndProject
Global
	GlobalSection(SolutionConfigurationPlatforms) = preSolution
		Debug|Any CPU = Debug|Any CPU
		Release|Any CPU = Release|Any CPU
	EndGlobalSection
	GlobalSection(ProjectConfigurationPlatforms) = postSolution
		{9F230966-829C-42F7-AA4A-880073ECF0B3}.Debug|Any CPU.ActiveCfg = Debug|Any CPU
		{9F230966-829C-42F7-AA4A-880073ECF0B3}.Debug|Any CPU.Build.0 = Debug|Any CPU
		{9F230966-829C-42F7-AA4A-880073ECF0B3}.Release|Any CPU.ActiveCfg = Release|Any CPU
		{9F230966-829C-42F7-AA4A-880073ECF0B3}.Release|Any CPU.Build.0 = Release|Any CPU
	EndGlobalSection
	GlobalSection(SolutionProperties) = preSolution
		HideSolutionNode = FALSE
	EndGlobalSection
	GlobalSection(ExtensibilityGlobals) = postSolution
		SolutionGuid = {C299D546-01C2-4385-805D-15FF67660FC4}
	EndGlobalSection
EndGlobal
